
Microsoft Visual Studio Solution File, Format Version 12.00
# Visual Studio Version 17
VisualStudioVersion = 17.9.34622.214
MinimumVisualStudioVersion = 10.0.40219.1
Project("{8BC9CEB8-8B4A-11D0-8D11-00A0C91BC942}") = "core", "core\core.vcxproj", "{2283B0B2-CD13-44BA-8C43-04CE586238BF}"
EndProject
Global
	GlobalSection(SolutionConfigurationPlatforms) = preSolution
		Debug|x64 = Debug|x64
		Debug|x86 = Debug|x86
		Release|x64 = Release|x64
		Release|x86 = Release|x86
	EndGlobalSection
	GlobalSection(ProjectConfigurationPlatforms) = postSolution
		{2283B0B2-CD13-44BA-8C43-04CE586238BF}.Debug|x64.ActiveCfg = Debug|x64
		{2283B0B2-CD13-44BA-8C43-04CE586238BF}.Debug|x64.Build.0 = Debug|x64
		{2283B0B2-CD13-44BA-8C43-04CE586238BF}.Debug|x86.ActiveCfg = Debug|Win32
		{2283B0B2-CD13-44BA-8C43-04CE586238BF}.Debug|x86.Build.0 = Debug|Win32
		{2283B0B2-CD13-44BA-8C43-04CE586238BF}.Release|x64.ActiveCfg = Release|x64
		{2283B0B2-CD13-44BA-8C43-04CE586238BF}.Release|x64.Build.0 = Release|x64
		{2283B0B2-CD13-44BA-8C43-04CE586238BF}.Release|x86.ActiveCfg = Release|Win32
		{2283B0B2-CD13-44BA-8C43-04CE586238BF}.Release|x86.Build.0 = Release|Win32
	EndGlobalSection
	GlobalSection(SolutionProperties) = preSolution
		HideSolutionNode = FALSE
	EndGlobalSection
	GlobalSection(ExtensibilityGlobals) = postSolution
		SolutionGuid = {38D19165-9759-4C68-95E2-57C211ABF906}
	EndGlobalSection
EndGlobal
